
Microsoft Visual Studio Solution File, Format Version 12.00
# Visual Studio 15
VisualStudioVersion = 15.0.27703.2035
MinimumVisualStudioVersion = 10.0.40219.1
Project("{FAE04EC0-301F-11D3-BF4B-00C04F79EFBC}") = "GusApp", "GusApp\GusApp.csproj", "{9DDA3B15-8AD6-4EFF-9247-0BCF6B23DA1D}"
EndProject
Global
	GlobalSection(SolutionConfigurationPlatforms) = preSolution
		Debug|Any CPU = Debug|Any CPU
		Release|Any CPU = Release|Any CPU
	EndGlobalSection
	GlobalSection(ProjectConfigurationPlatforms) = postSolution
		{9DDA3B15-8AD6-4EFF-9247-0BCF6B23DA1D}.Debug|Any CPU.ActiveCfg = Debug|Any CPU
		{9DDA3B15-8AD6-4EFF-9247-0BCF6B23DA1D}.Debug|Any CPU.Build.0 = Debug|Any CPU
		{9DDA3B15-8AD6-4EFF-9247-0BCF6B23DA1D}.Release|Any CPU.ActiveCfg = Release|Any CPU
		{9DDA3B15-8AD6-4EFF-9247-0BCF6B23DA1D}.Release|Any CPU.Build.0 = Release|Any CPU
	EndGlobalSection
	GlobalSection(SolutionProperties) = preSolution
		HideSolutionNode = FALSE
	EndGlobalSection
	GlobalSection(ExtensibilityGlobals) = postSolution
		SolutionGuid = {1BDF9F24-2BAF-48FF-AB8E-48CDA285CEDF}
	EndGlobalSection
EndGlobal
